
Microsoft Visual Studio Solution File, Format Version 12.00
# Visual Studio Version 17
VisualStudioVersion = 17.4.33213.308
MinimumVisualStudioVersion = 10.0.40219.1
Project("{FAE04EC0-301F-11D3-BF4B-00C04F79EFBC}") = "ENG8.Domain", "ENG8.Domain\ENG8.Domain.csproj", "{09FC3679-CE24-4988-9F3B-ABF65411BD56}"
EndProject
Project("{FAE04EC0-301F-11D3-BF4B-00C04F79EFBC}") = "ENG8.Infra.Data", "ENG8,Infra,Data\ENG8.Infra.Data.csproj", "{F1AD95A5-FD0C-4218-B167-CD824E121A0B}"
EndProject
Project("{FAE04EC0-301F-11D3-BF4B-00C04F79EFBC}") = "ENG8.Infra.IoC", "ENG8.Infra.IoC\ENG8.Infra.IoC.csproj", "{6CD27389-CC9B-4511-A47C-520EFE1ACC0D}"
EndProject
Project("{FAE04EC0-301F-11D3-BF4B-00C04F79EFBC}") = "ENG8.Application", "ENG8.Application\ENG8.Application.csproj", "{B97A786C-AFEC-4F53-808D-20B3D618A97A}"
EndProject
Project("{FAE04EC0-301F-11D3-BF4B-00C04F79EFBC}") = "ENG8.Web.UI", "ENG8.Web.UI\ENG8.Web.UI.csproj", "{5BB83CAB-73AC-4152-9D71-817EEF3CCB13}"
EndProject
Global
	GlobalSection(SolutionConfigurationPlatforms) = preSolution
		Debug|Any CPU = Debug|Any CPU
		Release|Any CPU = Release|Any CPU
	EndGlobalSection
	GlobalSection(ProjectConfigurationPlatforms) = postSolution
		{09FC3679-CE24-4988-9F3B-ABF65411BD56}.Debug|Any CPU.ActiveCfg = Debug|Any CPU
		{09FC3679-CE24-4988-9F3B-ABF65411BD56}.Debug|Any CPU.Build.0 = Debug|Any CPU
		{09FC3679-CE24-4988-9F3B-ABF65411BD56}.Release|Any CPU.ActiveCfg = Release|Any CPU
		{09FC3679-CE24-4988-9F3B-ABF65411BD56}.Release|Any CPU.Build.0 = Release|Any CPU
		{F1AD95A5-FD0C-4218-B167-CD824E121A0B}.Debug|Any CPU.ActiveCfg = Debug|Any CPU
		{F1AD95A5-FD0C-4218-B167-CD824E121A0B}.Debug|Any CPU.Build.0 = Debug|Any CPU
		{F1AD95A5-FD0C-4218-B167-CD824E121A0B}.Release|Any CPU.ActiveCfg = Release|Any CPU
		{F1AD95A5-FD0C-4218-B167-CD824E121A0B}.Release|Any CPU.Build.0 = Release|Any CPU
		{6CD27389-CC9B-4511-A47C-520EFE1ACC0D}.Debug|Any CPU.ActiveCfg = Debug|Any CPU
		{6CD27389-CC9B-4511-A47C-520EFE1ACC0D}.Debug|Any CPU.Build.0 = Debug|Any CPU
		{6CD27389-CC9B-4511-A47C-520EFE1ACC0D}.Release|Any CPU.ActiveCfg = Release|Any CPU
		{6CD27389-CC9B-4511-A47C-520EFE1ACC0D}.Release|Any CPU.Build.0 = Release|Any CPU
		{B97A786C-AFEC-4F53-808D-20B3D618A97A}.Debug|Any CPU.ActiveCfg = Debug|Any CPU
		{B97A786C-AFEC-4F53-808D-20B3D618A97A}.Debug|Any CPU.Build.0 = Debug|Any CPU
		{B97A786C-AFEC-4F53-808D-20B3D618A97A}.Release|Any CPU.ActiveCfg = Release|Any CPU
		{B97A786C-AFEC-4F53-808D-20B3D618A97A}.Release|Any CPU.Build.0 = Release|Any CPU
		{5BB83CAB-73AC-4152-9D71-817EEF3CCB13}.Debug|Any CPU.ActiveCfg = Debug|Any CPU
		{5BB83CAB-73AC-4152-9D71-817EEF3CCB13}.Debug|Any CPU.Build.0 = Debug|Any CPU
		{5BB83CAB-73AC-4152-9D71-817EEF3CCB13}.Release|Any CPU.ActiveCfg = Release|Any CPU
		{5BB83CAB-73AC-4152-9D71-817EEF3CCB13}.Release|Any CPU.Build.0 = Release|Any CPU
	EndGlobalSection
	GlobalSection(SolutionProperties) = preSolution
		HideSolutionNode = FALSE
	EndGlobalSection
	GlobalSection(ExtensibilityGlobals) = postSolution
		SolutionGuid = {FC8FB0DF-F34B-43E5-AAE9-2E07028F5F2B}
	EndGlobalSection
EndGlobal
